// !$*UTF8*$!
{
	archiveVersion = 1;
	classes = {
	};
	objectVersion = 77;
	objects = {

/* Begin PBXContainerItemProxy section */
		3CF5A4192D3E323700C6BB00 /* PBXContainerItemProxy */ = {
			isa = PBXContainerItemProxy;
			containerPortal = 3CF5A3F92D3E322C00C6BB00 /* Project object */;
			proxyType = 1;
			remoteGlobalIDString = 3CF5A4002D3E322C00C6BB00;
			remoteInfo = Momentary;
		};
		3CF5A4232D3E323700C6BB00 /* PBXContainerItemProxy */ = {
			isa = PBXContainerItemProxy;
			containerPortal = 3CF5A3F92D3E322C00C6BB00 /* Project object */;
			proxyType = 1;
			remoteGlobalIDString = 3CF5A4002D3E322C00C6BB00;
			remoteInfo = Momentary;
		};
/* End PBXContainerItemProxy section */

/* Begin PBXFileReference section */
		3CF5A4012D3E322D00C6BB00 /* Momentary.app */ = {isa = PBXFileReference; explicitFileType = wrapper.application; includeInIndex = 0; path = Momentary.app; sourceTree = BUILT_PRODUCTS_DIR; };
		3CF5A4182D3E323700C6BB00 /* MomentaryTests.xctest */ = {isa = PBXFileReference; explicitFileType = wrapper.cfbundle; includeInIndex = 0; path = MomentaryTests.xctest; sourceTree = BUILT_PRODUCTS_DIR; };
		3CF5A4222D3E323700C6BB00 /* MomentaryUITests.xctest */ = {isa = PBXFileReference; explicitFileType = wrapper.cfbundle; includeInIndex = 0; path = MomentaryUITests.xctest; sourceTree = BUILT_PRODUCTS_DIR; };
/* End PBXFileReference section */

/* Begin PBXFileSystemSynchronizedBuildFileExceptionSet section */
		3CF5A42A2D3E323700C6BB00 /* Exceptions for "Momentary" folder in "Momentary" target */ = {
			isa = PBXFileSystemSynchronizedBuildFileExceptionSet;
			membershipExceptions = (
				Info.plist,
			);
			target = 3CF5A4002D3E322C00C6BB00 /* Momentary */;
		};
/* End PBXFileSystemSynchronizedBuildFileExceptionSet section */

/* Begin PBXFileSystemSynchronizedRootGroup section */
		3CF5A4032D3E322D00C6BB00 /* Momentary */ = {
			isa = PBXFileSystemSynchronizedRootGroup;
			exceptions = (
				3CF5A42A2D3E323700C6BB00 /* Exceptions for "Momentary" folder in "Momentary" target */,
			);
			path = Momentary;
			sourceTree = "<group>";
		};
		3CF5A41B2D3E323700C6BB00 /* MomentaryTests */ = {
			isa = PBXFileSystemSynchronizedRootGroup;
			path = MomentaryTests;
			sourceTree = "<group>";
		};
		3CF5A4252D3E323700C6BB00 /* MomentaryUITests */ = {
			isa = PBXFileSystemSynchronizedRootGroup;
			path = MomentaryUITests;
			sourceTree = "<group>";
		};
/* End PBXFileSystemSynchronizedRootGroup section */

/* Begin PBXFrameworksBuildPhase section */
		3CF5A3FE2D3E322C00C6BB00 /* Frameworks */ = {
			isa = PBXFrameworksBuildPhase;
			buildActionMask = 2147483647;
			files = (
			);
			runOnlyForDeploymentPostprocessing = 0;
		};
		3CF5A4152D3E323700C6BB00 /* Frameworks */ = {
			isa = PBXFrameworksBuildPhase;
			buildActionMask = 2147483647;
			files = (
			);
			runOnlyForDeploymentPostprocessing = 0;
		};
		3CF5A41F2D3E323700C6BB00 /* Frameworks */ = {
			isa = PBXFrameworksBuildPhase;
			buildActionMask = 2147483647;
			files = (
			);
			runOnlyForDeploymentPostprocessing = 0;
		};
/* End PBXFrameworksBuildPhase section */

/* Begin PBXGroup section */
		3CF5A3F82D3E322C00C6BB00 = {
			isa = PBXGroup;
			children = (
				3CF5A4032D3E322D00C6BB00 /* Momentary */,
				3CF5A41B2D3E323700C6BB00 /* MomentaryTests */,
				3CF5A4252D3E323700C6BB00 /* MomentaryUITests */,
				3CF5A4022D3E322D00C6BB00 /* Products */,
			);
			sourceTree = "<group>";
		};
		3CF5A4022D3E322D00C6BB00 /* Products */ = {
			isa = PBXGroup;
			children = (
				3CF5A4012D3E322D00C6BB00 /* Momentary.app */,
				3CF5A4182D3E323700C6BB00 /* MomentaryTests.xctest */,
				3CF5A4222D3E323700C6BB00 /* MomentaryUITests.xctest */,
			);
			name = Products;
			sourceTree = "<group>";
		};
/* End PBXGroup section */

/* Begin PBXNativeTarget section */
		3CF5A4002D3E322C00C6BB00 /* Momentary */ = {
			isa = PBXNativeTarget;
			buildConfigurationList = 3CF5A42B2D3E323700C6BB00 /* Build configuration list for PBXNativeTarget "Momentary" */;
			buildPhases = (
				3CF5A3FD2D3E322C00C6BB00 /* Sources */,
				3CF5A3FE2D3E322C00C6BB00 /* Frameworks */,
				3CF5A3FF2D3E322C00C6BB00 /* Resources */,
			);
			buildRules = (
			);
			dependencies = (
			);
			fileSystemSynchronizedGroups = (
				3CF5A4032D3E322D00C6BB00 /* Momentary */,
			);
			name = Momentary;
			packageProductDependencies = (
			);
			productName = Momentary;
			productReference = 3CF5A4012D3E322D00C6BB00 /* Momentary.app */;
			productType = "com.apple.product-type.application";
		};
		3CF5A4172D3E323700C6BB00 /* MomentaryTests */ = {
			isa = PBXNativeTarget;
			buildConfigurationList = 3CF5A4302D3E323700C6BB00 /* Build configuration list for PBXNativeTarget "MomentaryTests" */;
			buildPhases = (
				3CF5A4142D3E323700C6BB00 /* Sources */,
				3CF5A4152D3E323700C6BB00 /* Frameworks */,
				3CF5A4162D3E323700C6BB00 /* Resources */,
			);
			buildRules = (
			);
			dependencies = (
				3CF5A41A2D3E323700C6BB00 /* PBXTargetDependency */,
			);
			fileSystemSynchronizedGroups = (
				3CF5A41B2D3E323700C6BB00 /* MomentaryTests */,
			);
			name = MomentaryTests;
			packageProductDependencies = (
			);
			productName = MomentaryTests;
			productReference = 3CF5A4182D3E323700C6BB00 /* MomentaryTests.xctest */;
			productType = "com.apple.product-type.bundle.unit-test";
		};
		3CF5A4212D3E323700C6BB00 /* MomentaryUITests */ = {
			isa = PBXNativeTarget;
			buildConfigurationList = 3CF5A4332D3E323700C6BB00 /* Build configuration list for PBXNativeTarget "MomentaryUITests" */;
			buildPhases = (
				3CF5A41E2D3E323700C6BB00 /* Sources */,
				3CF5A41F2D3E323700C6BB00 /* Frameworks */,
				3CF5A4202D3E323700C6BB00 /* Resources */,
			);
			buildRules = (
			);
			dependencies = (
				3CF5A4242D3E323700C6BB00 /* PBXTargetDependency */,
			);
			fileSystemSynchronizedGroups = (
				3CF5A4252D3E323700C6BB00 /* MomentaryUITests */,
			);
			name = MomentaryUITests;
			packageProductDependencies = (
			);
			productName = MomentaryUITests;
			productReference = 3CF5A4222D3E323700C6BB00 /* MomentaryUITests.xctest */;
			productType = "com.apple.product-type.bundle.ui-testing";
		};
/* End PBXNativeTarget section */

/* Begin PBXProject section */
		3CF5A3F92D3E322C00C6BB00 /* Project object */ = {
			isa = PBXProject;
			attributes = {
				BuildIndependentTargetsInParallel = 1;
				LastSwiftUpdateCheck = 1620;
				LastUpgradeCheck = 1620;
				TargetAttributes = {
					3CF5A4002D3E322C00C6BB00 = {
						CreatedOnToolsVersion = 16.2;
					};
					3CF5A4172D3E323700C6BB00 = {
						CreatedOnToolsVersion = 16.2;
						TestTargetID = 3CF5A4002D3E322C00C6BB00;
					};
					3CF5A4212D3E323700C6BB00 = {
						CreatedOnToolsVersion = 16.2;
						TestTargetID = 3CF5A4002D3E322C00C6BB00;
					};
				};
			};
			buildConfigurationList = 3CF5A3FC2D3E322C00C6BB00 /* Build configuration list for PBXProject "Momentary" */;
			developmentRegion = en;
			hasScannedForEncodings = 0;
			knownRegions = (
				en,
				Base,
			);
			mainGroup = 3CF5A3F82D3E322C00C6BB00;
			minimizedProjectReferenceProxies = 1;
			preferredProjectObjectVersion = 77;
			productRefGroup = 3CF5A4022D3E322D00C6BB00 /* Products */;
			projectDirPath = "";
			projectRoot = "";
			targets = (
				3CF5A4002D3E322C00C6BB00 /* Momentary */,
				3CF5A4172D3E323700C6BB00 /* MomentaryTests */,
				3CF5A4212D3E323700C6BB00 /* MomentaryUITests */,
			);
		};
/* End PBXProject section */

/* Begin PBXResourcesBuildPhase section */
		3CF5A3FF2D3E322C00C6BB00 /* Resources */ = {
			isa = PBXResourcesBuildPhase;
			buildActionMask = 2147483647;
			files = (
			);
			runOnlyForDeploymentPostprocessing = 0;
		};
		3CF5A4162D3E323700C6BB00 /* Resources */ = {
			isa = PBXResourcesBuildPhase;
			buildActionMask = 2147483647;
			files = (
			);
			runOnlyForDeploymentPostprocessing = 0;
		};
		3CF5A4202D3E323700C6BB00 /* Resources */ = {
			isa = PBXResourcesBuildPhase;
			buildActionMask = 2147483647;
			files = (
			);
			runOnlyForDeploymentPostprocessing = 0;
		};
/* End PBXResourcesBuildPhase section */

/* Begin PBXSourcesBuildPhase section */
		3CF5A3FD2D3E322C00C6BB00 /* Sources */ = {
			isa = PBXSourcesBuildPhase;
			buildActionMask = 2147483647;
			files = (
			);
			runOnlyForDeploymentPostprocessing = 0;
		};
		3CF5A4142D3E323700C6BB00 /* Sources */ = {
			isa = PBXSourcesBuildPhase;
			buildActionMask = 2147483647;
			files = (
			);
			runOnlyForDeploymentPostprocessing = 0;
		};
		3CF5A41E2D3E323700C6BB00 /* Sources */ = {
			isa = PBXSourcesBuildPhase;
			buildActionMask = 2147483647;
			files = (
			);
			runOnlyForDeploymentPostprocessing = 0;
		};
/* End PBXSourcesBuildPhase section */

/* Begin PBXTargetDependency section */
		3CF5A41A2D3E323700C6BB00 /* PBXTargetDependency */ = {
			isa = PBXTargetDependency;
			target = 3CF5A4002D3E322C00C6BB00 /* Momentary */;
			targetProxy = 3CF5A4192D3E323700C6BB00 /* PBXContainerItemProxy */;
		};
		3CF5A4242D3E323700C6BB00 /* PBXTargetDependency */ = {
			isa = PBXTargetDependency;
			target = 3CF5A4002D3E322C00C6BB00 /* Momentary */;
			targetProxy = 3CF5A4232D3E323700C6BB00 /* PBXContainerItemProxy */;
		};
/* End PBXTargetDependency section */

/* Begin XCBuildConfiguration section */
		3CF5A42C2D3E323700C6BB00 /* Debug */ = {
			isa = XCBuildConfiguration;
			buildSettings = {
				ASSETCATALOG_COMPILER_APPICON_NAME = AppIcon;
				ASSETCATALOG_COMPILER_GLOBAL_ACCENT_COLOR_NAME = AccentColor;
				CODE_SIGN_ENTITLEMENTS = Momentary/Momentary.entitlements;
				CODE_SIGN_STYLE = Automatic;
				CURRENT_PROJECT_VERSION = 1;
				DEVELOPMENT_ASSET_PATHS = "\"Momentary/Preview Content\"";
				ENABLE_PREVIEWS = YES;
				GENERATE_INFOPLIST_FILE = YES;
				INFOPLIST_FILE = Momentary/Info.plist;
				INFOPLIST_KEY_UIApplicationSceneManifest_Generation = YES;
				INFOPLIST_KEY_UIApplicationSupportsIndirectInputEvents = YES;
				INFOPLIST_KEY_UILaunchScreen_Generation = YES;
				INFOPLIST_KEY_UISupportedInterfaceOrientations_iPad = "UIInterfaceOrientationPortrait UIInterfaceOrientationPortraitUpsideDown UIInterfaceOrientationLandscapeLeft UIInterfaceOrientationLandscapeRight";
				INFOPLIST_KEY_UISupportedInterfaceOrientations_iPhone = "UIInterfaceOrientationPortrait UIInterfaceOrientationLandscapeLeft UIInterfaceOrientationLandscapeRight";
				LD_RUNPATH_SEARCH_PATHS = (
					"$(inherited)",
					"@executable_path/Frameworks",
				);
				MARKETING_VERSION = 1.0;
				PRODUCT_BUNDLE_IDENTIFIER = danielngira.Momentary;
				PRODUCT_NAME = "$(TARGET_NAME)";
				SWIFT_EMIT_LOC_STRINGS = YES;
				SWIFT_VERSION = 5.0;
				TARGETED_DEVICE_FAMILY = "1,2";
			};
			name = Debug;
		};
		3CF5A42D2D3E323700C6BB00 /* Release */ = {
			isa = XCBuildConfiguration;
			buildSettings = {
				ASSETCATALOG_COMPILER_APPICON_NAME = AppIcon;
				ASSETCATALOG_COMPILER_GLOBAL_ACCENT_COLOR_NAME = AccentColor;
				CODE_SIGN_ENTITLEMENTS = Momentary/Momentary.entitlements;
				CODE_SIGN_STYLE = Automatic;
				CURRENT_PROJECT_VERSION = 1;
				DEVELOPMENT_ASSET_PATHS = "\"Momentary/Preview Content\"";
				ENABLE_PREVIEWS = YES;
				GENERATE_INFOPLIST_FILE = YES;
				INFOPLIST_FILE = Momentary/Info.plist;
				INFOPLIST_KEY_UIApplicationSceneManifest_Generation = YES;
				INFOPLIST_KEY_UIApplicationSupportsIndirectInputEvents = YES;
				INFOPLIST_KEY_UILaunchScreen_Generation = YES;
				INFOPLIST_KEY_UISupportedInterfaceOrientations_iPad = "UIInterfaceOrientationPortrait UIInterfaceOrientationPortraitUpsideDown UIInterfaceOrientationLandscapeLeft UIInterfaceOrientationLandscapeRight";
				INFOPLIST_KEY_UISupportedInterfaceOrientations_iPhone = "UIInterfaceOrientationPortrait UIInterfaceOrientationLandscapeLeft UIInterfaceOrientationLandscapeRight";
				LD_RUNPATH_SEARCH_PATHS = (
					"$(inherited)",
					"@executable_path/Frameworks",
				);
				MARKETING_VERSION = 1.0;
				PRODUCT_BUNDLE_IDENTIFIER = danielngira.Momentary;
				PRODUCT_NAME = "$(TARGET_NAME)";
				SWIFT_EMIT_LOC_STRINGS = YES;
				SWIFT_VERSION = 5.0;
				TARGETED_DEVICE_FAMILY = "1,2";
			};
			name = Release;
		};
		3CF5A42E2D3E323700C6BB00 /* Debug */ = {
			isa = XCBuildConfiguration;
			buildSettings = {
				ALWAYS_SEARCH_USER_PATHS = NO;
				ASSETCATALOG_COMPILER_GENERATE_SWIFT_ASSET_SYMBOL_EXTENSIONS = YES;
				CLANG_ANALYZER_NONNULL = YES;
				CLANG_ANALYZER_NUMBER_OBJECT_CONVERSION = YES_AGGRESSIVE;
				CLANG_CXX_LANGUAGE_STANDARD = "gnu++20";
				CLANG_ENABLE_MODULES = YES;
				CLANG_ENABLE_OBJC_ARC = YES;
				CLANG_ENABLE_OBJC_WEAK = YES;
				CLANG_WARN_BLOCK_CAPTURE_AUTORELEASING = YES;
				CLANG_WARN_BOOL_CONVERSION = YES;
				CLANG_WARN_COMMA = YES;
				CLANG_WARN_CONSTANT_CONVERSION = YES;
				CLANG_WARN_DEPRECATED_OBJC_IMPLEMENTATIONS = YES;
				CLANG_WARN_DIRECT_OBJC_ISA_USAGE = YES_ERROR;
				CLANG_WARN_DOCUMENTATION_COMMENTS = YES;
				CLANG_WARN_EMPTY_BODY = YES;
				CLANG_WARN_ENUM_CONVERSION = YES;
				CLANG_WARN_INFINITE_RECURSION = YES;
				CLANG_WARN_INT_CONVERSION = YES;
				CLANG_WARN_NON_LITERAL_NULL_CONVERSION = YES;
				CLANG_WARN_OBJC_IMPLICIT_RETAIN_SELF = YES;
				CLANG_WARN_OBJC_LITERAL_CONVERSION = YES;
				CLANG_WARN_OBJC_ROOT_CLASS = YES_ERROR;
				CLANG_WARN_QUOTED_INCLUDE_IN_FRAMEWORK_HEADER = YES;
				CLANG_WARN_RANGE_LOOP_ANALYSIS = YES;
				CLANG_WARN_STRICT_PROTOTYPES = YES;
				CLANG_WARN_SUSPICIOUS_MOVE = YES;
				CLANG_WARN_UNGUARDED_AVAILABILITY = YES_AGGRESSIVE;
				CLANG_WARN_UNREACHABLE_CODE = YES;
				CLANG_WARN__DUPLICATE_METHOD_MATCH = YES;
				COPY_PHASE_STRIP = NO;
				DEBUG_INFORMATION_FORMAT = dwarf;
				ENABLE_STRICT_OBJC_MSGSEND = YES;
				ENABLE_TESTABILITY = YES;
				ENABLE_USER_SCRIPT_SANDBOXING = YES;
				GCC_C_LANGUAGE_STANDARD = gnu17;
				GCC_DYNAMIC_NO_PIC = NO;
				GCC_NO_COMMON_BLOCKS = YES;
				GCC_OPTIMIZATION_LEVEL = 0;
				GCC_PREPROCESSOR_DEFINITIONS = (
					"DEBUG=1",
					"$(inherited)",
				);
				GCC_WARN_64_TO_32_BIT_CONVERSION = YES;
				GCC_WARN_ABOUT_RETURN_TYPE = YES_ERROR;
				GCC_WARN_UNDECLARED_SELECTOR = YES;
				GCC_WARN_UNINITIALIZED_AUTOS = YES_AGGRESSIVE;
				GCC_WARN_UNUSED_FUNCTION = YES;
				GCC_WARN_UNUSED_VARIABLE = YES;
				IPHONEOS_DEPLOYMENT_TARGET = 18.2;
				LOCALIZATION_PREFERS_STRING_CATALOGS = YES;
				MTL_ENABLE_DEBUG_INFO = INCLUDE_SOURCE;
				MTL_FAST_MATH = YES;
				ONLY_ACTIVE_ARCH = YES;
				SDKROOT = iphoneos;
				SWIFT_ACTIVE_COMPILATION_CONDITIONS = "DEBUG $(inherited)";
				SWIFT_OPTIMIZATION_LEVEL = "-Onone";
			};
			name = Debug;
		};
		3CF5A42F2D3E323700C6BB00 /* Release */ = {
			isa = XCBuildConfiguration;
			buildSettings = {
				ALWAYS_SEARCH_USER_PATHS = NO;
				ASSETCATALOG_COMPILER_GENERATE_SWIFT_ASSET_SYMBOL_EXTENSIONS = YES;
				CLANG_ANALYZER_NONNULL = YES;
				CLANG_ANALYZER_NUMBER_OBJECT_CONVERSION = YES_AGGRESSIVE;
				CLANG_CXX_LANGUAGE_STANDARD = "gnu++20";
				CLANG_ENABLE_MODULES = YES;
				CLANG_ENABLE_OBJC_ARC = YES;
				CLANG_ENABLE_OBJC_WEAK = YES;
				CLANG_WARN_BLOCK_CAPTURE_AUTORELEASING = YES;
				CLANG_WARN_BOOL_CONVERSION = YES;
				CLANG_WARN_COMMA = YES;
				CLANG_WARN_CONSTANT_CONVERSION = YES;
				CLANG_WARN_DEPRECATED_OBJC_IMPLEMENTATIONS = YES;
				CLANG_WARN_DIRECT_OBJC_ISA_USAGE = YES_ERROR;
				CLANG_WARN_DOCUMENTATION_COMMENTS = YES;
				CLANG_WARN_EMPTY_BODY = YES;
				CLANG_WARN_ENUM_CONVERSION = YES;
				CLANG_WARN_INFINITE_RECURSION = YES;
				CLANG_WARN_INT_CONVERSION = YES;
				CLANG_WARN_NON_LITERAL_NULL_CONVERSION = YES;
				CLANG_WARN_OBJC_IMPLICIT_RETAIN_SELF = YES;
				CLANG_WARN_OBJC_LITERAL_CONVERSION = YES;
				CLANG_WARN_OBJC_ROOT_CLASS = YES_ERROR;
				CLANG_WARN_QUOTED_INCLUDE_IN_FRAMEWORK_HEADER = YES;
				CLANG_WARN_RANGE_LOOP_ANALYSIS = YES;
				CLANG_WARN_STRICT_PROTOTYPES = YES;
				CLANG_WARN_SUSPICIOUS_MOVE = YES;
				CLANG_WARN_UNGUARDED_AVAILABILITY = YES_AGGRESSIVE;
				CLANG_WARN_UNREACHABLE_CODE = YES;
				CLANG_WARN__DUPLICATE_METHOD_MATCH = YES;
				COPY_PHASE_STRIP = NO;
				DEBUG_INFORMATION_FORMAT = "dwarf-with-dsym";
				ENABLE_NS_ASSERTIONS = NO;
				ENABLE_STRICT_OBJC_MSGSEND = YES;
				ENABLE_USER_SCRIPT_SANDBOXING = YES;
				GCC_C_LANGUAGE_STANDARD = gnu17;
				GCC_NO_COMMON_BLOCKS = YES;
				GCC_WARN_64_TO_32_BIT_CONVERSION = YES;
				GCC_WARN_ABOUT_RETURN_TYPE = YES_ERROR;
				GCC_WARN_UNDECLARED_SELECTOR = YES;
				GCC_WARN_UNINITIALIZED_AUTOS = YES_AGGRESSIVE;
				GCC_WARN_UNUSED_FUNCTION = YES;
				GCC_WARN_UNUSED_VARIABLE = YES;
				IPHONEOS_DEPLOYMENT_TARGET = 18.2;
				LOCALIZATION_PREFERS_STRING_CATALOGS = YES;
				MTL_ENABLE_DEBUG_INFO = NO;
				MTL_FAST_MATH = YES;
				SDKROOT = iphoneos;
				SWIFT_COMPILATION_MODE = wholemodule;
				VALIDATE_PRODUCT = YES;
			};
			name = Release;
		};
		3CF5A4312D3E323700C6BB00 /* Debug */ = {
			isa = XCBuildConfiguration;
			buildSettings = {
				BUNDLE_LOADER = "$(TEST_HOST)";
				CODE_SIGN_STYLE = Automatic;
				CURRENT_PROJECT_VERSION = 1;
				GENERATE_INFOPLIST_FILE = YES;
				IPHONEOS_DEPLOYMENT_TARGET = 18.2;
				MARKETING_VERSION = 1.0;
				PRODUCT_BUNDLE_IDENTIFIER = danielngira.MomentaryTests;
				PRODUCT_NAME = "$(TARGET_NAME)";
				SWIFT_EMIT_LOC_STRINGS = NO;
				SWIFT_VERSION = 5.0;
				TARGETED_DEVICE_FAMILY = "1,2";
				TEST_HOST = "$(BUILT_PRODUCTS_DIR)/Momentary.app/$(BUNDLE_EXECUTABLE_FOLDER_PATH)/Momentary";
			};
			name = Debug;
		};
		3CF5A4322D3E323700C6BB00 /* Release */ = {
			isa = XCBuildConfiguration;
			buildSettings = {
				BUNDLE_LOADER = "$(TEST_HOST)";
				CODE_SIGN_STYLE = Automatic;
				CURRENT_PROJECT_VERSION = 1;
				GENERATE_INFOPLIST_FILE = YES;
				IPHONEOS_DEPLOYMENT_TARGET = 18.2;
				MARKETING_VERSION = 1.0;
				PRODUCT_BUNDLE_IDENTIFIER = danielngira.MomentaryTests;
				PRODUCT_NAME = "$(TARGET_NAME)";
				SWIFT_EMIT_LOC_STRINGS = NO;
				SWIFT_VERSION = 5.0;
				TARGETED_DEVICE_FAMILY = "1,2";
				TEST_HOST = "$(BUILT_PRODUCTS_DIR)/Momentary.app/$(BUNDLE_EXECUTABLE_FOLDER_PATH)/Momentary";
			};
			name = Release;
		};
		3CF5A4342D3E323700C6BB00 /* Debug */ = {
			isa = XCBuildConfiguration;
			buildSettings = {
				CODE_SIGN_STYLE = Automatic;
				CURRENT_PROJECT_VERSION = 1;
				GENERATE_INFOPLIST_FILE = YES;
				MARKETING_VERSION = 1.0;
				PRODUCT_BUNDLE_IDENTIFIER = danielngira.MomentaryUITests;
				PRODUCT_NAME = "$(TARGET_NAME)";
				SWIFT_EMIT_LOC_STRINGS = NO;
				SWIFT_VERSION = 5.0;
				TARGETED_DEVICE_FAMILY = "1,2";
				TEST_TARGET_NAME = Momentary;
			};
			name = Debug;
		};
		3CF5A4352D3E323700C6BB00 /* Release */ = {
			isa = XCBuildConfiguration;
			buildSettings = {
				CODE_SIGN_STYLE = Automatic;
				CURRENT_PROJECT_VERSION = 1;
				GENERATE_INFOPLIST_FILE = YES;
				MARKETING_VERSION = 1.0;
				PRODUCT_BUNDLE_IDENTIFIER = danielngira.MomentaryUITests;
				PRODUCT_NAME = "$(TARGET_NAME)";
				SWIFT_EMIT_LOC_STRINGS = NO;
				SWIFT_VERSION = 5.0;
				TARGETED_DEVICE_FAMILY = "1,2";
				TEST_TARGET_NAME = Momentary;
			};
			name = Release;
		};
/* End XCBuildConfiguration section */

/* Begin XCConfigurationList section */
		3CF5A3FC2D3E322C00C6BB00 /* Build configuration list for PBXProject "Momentary" */ = {
			isa = XCConfigurationList;
			buildConfigurations = (
				3CF5A42E2D3E323700C6BB00 /* Debug */,
				3CF5A42F2D3E323700C6BB00 /* Release */,
			);
			defaultConfigurationIsVisible = 0;
			defaultConfigurationName = Release;
		};
		3CF5A42B2D3E323700C6BB00 /* Build configuration list for PBXNativeTarget "Momentary" */ = {
			isa = XCConfigurationList;
			buildConfigurations = (
				3CF5A42C2D3E323700C6BB00 /* Debug */,
				3CF5A42D2D3E323700C6BB00 /* Release */,
			);
			defaultConfigurationIsVisible = 0;
			defaultConfigurationName = Release;
		};
		3CF5A4302D3E323700C6BB00 /* Build configuration list for PBXNativeTarget "MomentaryTests" */ = {
			isa = XCConfigurationList;
			buildConfigurations = (
				3CF5A4312D3E323700C6BB00 /* Debug */,
				3CF5A4322D3E323700C6BB00 /* Release */,
			);
			defaultConfigurationIsVisible = 0;
			defaultConfigurationName = Release;
		};
		3CF5A4332D3E323700C6BB00 /* Build configuration list for PBXNativeTarget "MomentaryUITests" */ = {
			isa = XCConfigurationList;
			buildConfigurations = (
				3CF5A4342D3E323700C6BB00 /* Debug */,
				3CF5A4352D3E323700C6BB00 /* Release */,
			);
			defaultConfigurationIsVisible = 0;
			defaultConfigurationName = Release;
		};
/* End XCConfigurationList section */
	};
	rootObject = 3CF5A3F92D3E322C00C6BB00 /* Project object */;
}
